{
  "name": "fivedown",
  "version": "1.0.0",
  "lockfileVersion": 1,
  "requires": true,
  "dependencies": {
    "@handsontable/formulajs": {
      "version": "2.0.2",
      "resolved": "https://registry.npmjs.org/@handsontable/formulajs/-/formulajs-2.0.2.tgz",
      "integrity": "sha512-maIyMJtYjA5e/R9nyA22Qd7Yw73MBSxClJvle0a8XWAS/5l6shc/OFpQqrmwMy4IXUCmywJ9ER0gOGz/YA720w==",
      "requires": {
        "bessel": "^1.0.2",
        "jstat": "^1.9.2"
      }
    },
    "async": {
      "version": "2.6.4",
      "resolved": "https://registry.npmjs.org/async/-/async-2.6.4.tgz",
      "integrity": "sha512-mzo5dfJYwAn29PeiJ0zvwTo04zj8HDJj0Mn8TD7sno7q12prdbnasKJHhkm2c1LgrhlJ0teaea8860oxi51mGA==",
      "requires": {
        "lodash": "^4.17.14"
      }
    },
    "bessel": {
      "version": "1.0.2",
      "resolved": "https://registry.npmjs.org/bessel/-/bessel-1.0.2.tgz",
      "integrity": "sha512-Al3nHGQGqDYqqinXhQzmwmcRToe/3WyBv4N8aZc5Pef8xw2neZlR9VPi84Sa23JtgWcucu18HxVZrnI0fn2etw=="
    },
    "browserfs": {
      "version": "1.4.3",
      "resolved": "https://registry.npmjs.org/browserfs/-/browserfs-1.4.3.tgz",
      "integrity": "sha512-tz8HClVrzTJshcyIu8frE15cjqjcBIu15Bezxsvl/i+6f59iNCN3kznlWjz0FEb3DlnDx3gW5szxeT6D1x0s0w==",
      "requires": {
        "async": "^2.1.4",
        "pako": "^1.0.4"
      }
    },
    "flatpickr": {
      "version": "1.9.1",
      "resolved": "https://registry.npmjs.org/flatpickr/-/flatpickr-1.9.1.tgz",
      "integrity": "sha1-am+N6kp11O+eS5KotQ3nUzrifas="
    },
    "hot-formula-parser": {
      "version": "3.0.2",
      "resolved": "https://registry.npmjs.org/hot-formula-parser/-/hot-formula-parser-3.0.2.tgz",
      "integrity": "sha512-W/Dj/UbIyuViMIQOQD6tUEVySl7jd6ei+gfWslTiRqa4yRhkyHnIz8N4oLnqgDRhhVAQIcFF5NfNz49k4X8IxQ==",
      "requires": {
        "@handsontable/formulajs": "^2.0.2",
        "tiny-emitter": "^2.1.0"
      }
    },
    "jquery": {
      "version": "3.5.1",
      "resolved": "https://registry.npmjs.org/jquery/-/jquery-3.5.1.tgz",
      "integrity": "sha512-XwIBPqcMn57FxfT+Go5pzySnm4KWkT1Tv7gjrpT1srtf8Weynl6R273VJ5GjkRb51IzMp5nbaPjJXMWeju2MKg=="
    },
    "jquery-ui": {
      "version": "1.12.1",
      "resolved": "https://registry.npmjs.org/jquery-ui/-/jquery-ui-1.12.1.tgz",
      "integrity": "sha1-vLQEXI3QU5wTS8FIjN0+dop6nlE="
    },
    "jstat": {
      "version": "1.9.4",
      "resolved": "https://registry.npmjs.org/jstat/-/jstat-1.9.4.tgz",
      "integrity": "sha512-IiTPlI7pcrsq41EpDzrghlA1fhiC9GXxNqO4k5ogsjsM1XAWQ8zESH/bZsExLVgQsYpXE+7c11kEbbuxTLUpJQ=="
    },
    "lodash": {
      "version": "4.17.20",
      "resolved": "https://registry.npmjs.org/lodash/-/lodash-4.17.20.tgz",
      "integrity": "sha512-PlhdFcillOINfeV7Ni6oF1TAEayyZBoZ8bcshTHqOYJYlrqzRK5hagpagky5o4HfCzzd1TRkXPMFq6cKk9rGmA=="
    },
    "pako": {
      "version": "1.0.11",
      "resolved": "https://registry.npmjs.org/pako/-/pako-1.0.11.tgz",
      "integrity": "sha512-4hLB8Py4zZce5s4yd9XzopqwVv/yGNhV1Bl8NTmCq1763HeK2+EwVTv+leGeL13Dnh2wfbqowVPXCIO0z4taYw=="
    },
    "slickgrid": {
      "version": "2.4.32",
      "resolved": "https://registry.npmjs.org/slickgrid/-/slickgrid-2.4.32.tgz",
      "integrity": "sha512-tejeg6urqkBPMdCgR2a/8UuLz6Dc3K7KTUsmGgX+QWZlCIpGni+YdOxANAZsnq/eHTZt8cTDoEZQAD9InVLxyw==",
      "requires": {
        "jquery": ">=1.8.0",
        "jquery-ui": ">=1.8.0"
      }
    },
    "slickgrid-es6": {
      "version": "3.0.3",
      "resolved": "https://registry.npmjs.org/slickgrid-es6/-/slickgrid-es6-3.0.3.tgz",
      "integrity": "sha512-l/ISKIS8lJv9S6kGlz6q64GrPoGIVKyuq3cljF0ySttqcw2qPiWnNZit8PPEWL5E+CG4/yK+iP2mpQ7vkfL9Cg==",
      "requires": {
        "flatpickr": "^1.9.1",
        "jquery": "^3.4.1"
      }
    },
    "tiny-emitter": {
      "version": "2.1.0",
      "resolved": "https://registry.npmjs.org/tiny-emitter/-/tiny-emitter-2.1.0.tgz",
      "integrity": "sha512-NB6Dk1A9xgQPMoGqC5CVXn123gWyte215ONT5Pp5a0yt4nlEoO1ZWeCwpncaekPHXO60i47ihFnZPiRPjRMq4Q=="
    }
  }
}
